
Microsoft Visual Studio Solution File, Format Version 12.00
# Visual Studio Version 17
VisualStudioVersion = 17.8.34316.72
MinimumVisualStudioVersion = 10.0.40219.1
Project("{FAE04EC0-301F-11D3-BF4B-00C04F79EFBC}") = "CityInfo", "CityInfo.csproj", "{D850BD97-8E58-4ED1-AEEC-4B1DE9FA23BF}"
EndProject
Global
	GlobalSection(SolutionConfigurationPlatforms) = preSolution
		Debug|Any CPU = Debug|Any CPU
		Release|Any CPU = Release|Any CPU
	EndGlobalSection
	GlobalSection(ProjectConfigurationPlatforms) = postSolution
		{D850BD97-8E58-4ED1-AEEC-4B1DE9FA23BF}.Debug|Any CPU.ActiveCfg = Debug|Any CPU
		{D850BD97-8E58-4ED1-AEEC-4B1DE9FA23BF}.Debug|Any CPU.Build.0 = Debug|Any CPU
		{D850BD97-8E58-4ED1-AEEC-4B1DE9FA23BF}.Release|Any CPU.ActiveCfg = Release|Any CPU
		{D850BD97-8E58-4ED1-AEEC-4B1DE9FA23BF}.Release|Any CPU.Build.0 = Release|Any CPU
	EndGlobalSection
	GlobalSection(SolutionProperties) = preSolution
		HideSolutionNode = FALSE
	EndGlobalSection
	GlobalSection(ExtensibilityGlobals) = postSolution
		SolutionGuid = {1D1DBE00-B8B5-4443-81DD-19E751F00C4C}
	EndGlobalSection
EndGlobal
